
Microsoft Visual Studio Solution File, Format Version 12.00
# Visual Studio 2013
VisualStudioVersion = 12.0.30501.0
MinimumVisualStudioVersion = 10.0.40219.1
Project("{F184B08F-C81C-45F6-A57F-5ABD9991F28F}") = "ColorsforlineLibrary", "ColorsforlineLibrary\ColorsforlineLibrary.vbproj", "{EAC2ED3D-5E50-4671-AE38-C033AF78F2BB}"
EndProject
Global
	GlobalSection(SolutionConfigurationPlatforms) = preSolution
		Debug|Any CPU = Debug|Any CPU
		Release|Any CPU = Release|Any CPU
	EndGlobalSection
	GlobalSection(ProjectConfigurationPlatforms) = postSolution
		{EAC2ED3D-5E50-4671-AE38-C033AF78F2BB}.Debug|Any CPU.ActiveCfg = Debug|Any CPU
		{EAC2ED3D-5E50-4671-AE38-C033AF78F2BB}.Debug|Any CPU.Build.0 = Debug|Any CPU
		{EAC2ED3D-5E50-4671-AE38-C033AF78F2BB}.Release|Any CPU.ActiveCfg = Release|Any CPU
		{EAC2ED3D-5E50-4671-AE38-C033AF78F2BB}.Release|Any CPU.Build.0 = Release|Any CPU
	EndGlobalSection
	GlobalSection(SolutionProperties) = preSolution
		HideSolutionNode = FALSE
	EndGlobalSection
EndGlobal
